
Microsoft Visual Studio Solution File, Format Version 12.00
# Visual Studio 2013
VisualStudioVersion = 12.0.40629.0
MinimumVisualStudioVersion = 10.0.40219.1
Project("{FAE04EC0-301F-11D3-BF4B-00C04F79EFBC}") = "YacGui", "YacGui.csproj", "{96665A66-BA7D-41DD-AB74-63D7631A296A}"
EndProject
Project("{FAE04EC0-301F-11D3-BF4B-00C04F79EFBC}") = "TestTool", "TestTool\TestTool.csproj", "{7BF77C44-C463-42CE-AEB1-79BD28124EF8}"
EndProject
Project("{FAE04EC0-301F-11D3-BF4B-00C04F79EFBC}") = "FastBitmapLib", "FastBitmapLib\FastBitmapLib.csproj", "{B92376AD-1C93-4080-9624-A2E818FC3B7D}"
EndProject
Project("{FAE04EC0-301F-11D3-BF4B-00C04F79EFBC}") = "FastBitmapLib.Test", "FastBitmapLib.Test\FastBitmapLib.Test.csproj", "{46788B1A-44B2-4E52-A34F-A2904F7158D4}"
EndProject
Global
	GlobalSection(SolutionConfigurationPlatforms) = preSolution
		Debug|Any CPU = Debug|Any CPU
		Release|Any CPU = Release|Any CPU
	EndGlobalSection
	GlobalSection(ProjectConfigurationPlatforms) = postSolution
		{96665A66-BA7D-41DD-AB74-63D7631A296A}.Debug|Any CPU.ActiveCfg = Debug|Any CPU
		{96665A66-BA7D-41DD-AB74-63D7631A296A}.Debug|Any CPU.Build.0 = Debug|Any CPU
		{96665A66-BA7D-41DD-AB74-63D7631A296A}.Release|Any CPU.ActiveCfg = Release|Any CPU
		{96665A66-BA7D-41DD-AB74-63D7631A296A}.Release|Any CPU.Build.0 = Release|Any CPU
		{7BF77C44-C463-42CE-AEB1-79BD28124EF8}.Debug|Any CPU.ActiveCfg = Debug|Any CPU
		{7BF77C44-C463-42CE-AEB1-79BD28124EF8}.Debug|Any CPU.Build.0 = Debug|Any CPU
		{7BF77C44-C463-42CE-AEB1-79BD28124EF8}.Release|Any CPU.ActiveCfg = Release|Any CPU
		{7BF77C44-C463-42CE-AEB1-79BD28124EF8}.Release|Any CPU.Build.0 = Release|Any CPU
		{B92376AD-1C93-4080-9624-A2E818FC3B7D}.Debug|Any CPU.ActiveCfg = Debug|Any CPU
		{B92376AD-1C93-4080-9624-A2E818FC3B7D}.Debug|Any CPU.Build.0 = Debug|Any CPU
		{B92376AD-1C93-4080-9624-A2E818FC3B7D}.Release|Any CPU.ActiveCfg = Release|Any CPU
		{B92376AD-1C93-4080-9624-A2E818FC3B7D}.Release|Any CPU.Build.0 = Release|Any CPU
		{46788B1A-44B2-4E52-A34F-A2904F7158D4}.Debug|Any CPU.ActiveCfg = Debug|Any CPU
		{46788B1A-44B2-4E52-A34F-A2904F7158D4}.Debug|Any CPU.Build.0 = Debug|Any CPU
		{46788B1A-44B2-4E52-A34F-A2904F7158D4}.Release|Any CPU.ActiveCfg = Release|Any CPU
		{46788B1A-44B2-4E52-A34F-A2904F7158D4}.Release|Any CPU.Build.0 = Release|Any CPU
	EndGlobalSection
	GlobalSection(SolutionProperties) = preSolution
		HideSolutionNode = FALSE
	EndGlobalSection
EndGlobal
